
Microsoft Visual Studio Solution File, Format Version 12.00
# Visual Studio Version 17
VisualStudioVersion = 17.0.32126.317
MinimumVisualStudioVersion = 10.0.40219.1
Project("{FAE04EC0-301F-11D3-BF4B-00C04F79EFBC}") = "DIY_v2", "DIY_v2\DIY_v2.csproj", "{31A328D6-437C-42A7-ADFA-06300EBF4D53}"
EndProject
Global
	GlobalSection(SolutionConfigurationPlatforms) = preSolution
		Debug|Any CPU = Debug|Any CPU
		Release|Any CPU = Release|Any CPU
	EndGlobalSection
	GlobalSection(ProjectConfigurationPlatforms) = postSolution
		{31A328D6-437C-42A7-ADFA-06300EBF4D53}.Debug|Any CPU.ActiveCfg = Debug|Any CPU
		{31A328D6-437C-42A7-ADFA-06300EBF4D53}.Debug|Any CPU.Build.0 = Debug|Any CPU
		{31A328D6-437C-42A7-ADFA-06300EBF4D53}.Release|Any CPU.ActiveCfg = Release|Any CPU
		{31A328D6-437C-42A7-ADFA-06300EBF4D53}.Release|Any CPU.Build.0 = Release|Any CPU
	EndGlobalSection
	GlobalSection(SolutionProperties) = preSolution
		HideSolutionNode = FALSE
	EndGlobalSection
	GlobalSection(ExtensibilityGlobals) = postSolution
		SolutionGuid = {FC792301-F5DA-40F4-B1C2-56AD2700F176}
	EndGlobalSection
EndGlobal
